{
  "version": 4,
  "terraform_version": "1.0.0",
  "serial": 30,
  "lineage": "29c4e9f4-65a3-d11f-9121-ba5bfcabb8e0",
  "outputs": {
    "subnet_map": {
      "value": {
        "subnet_one": "/subscriptions/5e3fa8cf-316c-4803-87a3-5ab5a18f5aad/resourceGroups/q2-rg/providers/Microsoft.Network/virtualNetworks/q1-vnet/subnets/subnet_one",
        "subnet_two": "/subscriptions/5e3fa8cf-316c-4803-87a3-5ab5a18f5aad/resourceGroups/q2-rg/providers/Microsoft.Network/virtualNetworks/q1-vnet/subnets/subnet_two"
      },
      "type": [
        "object",
        {
          "subnet_one": "string",
          "subnet_two": "string"
        }
      ]
    }
  },
  "resources": [
    {
      "mode": "data",
      "type": "azurerm_client_config",
      "name": "current",
      "provider": "provider[\"registry.terraform.io/hashicorp/azurerm\"]",
      "instances": [
        {
          "schema_version": 0,
          "attributes": {
            "client_id": "04b07795-8ddb-461a-bbee-02f9e1bf7b46",
            "id": "2021-07-29 23:36:15.1811198 +0000 UTC",
            "object_id": "e56960a8-4551-465b-8995-ad661c055c98",
            "subscription_id": "5e3fa8cf-316c-4803-87a3-5ab5a18f5aad",
            "tenant_id": "1238ccb4-e0c0-4c1d-835c-93cf5a1cb5db",
            "timeouts": null
          },
          "sensitive_attributes": []
        }
      ]
    },
    {
      "mode": "managed",
      "type": "azurerm_key_vault",
      "name": "kv",
      "provider": "provider[\"registry.terraform.io/hashicorp/azurerm\"]",
      "instances": [
        {
          "schema_version": 2,
          "attributes": {
            "access_policy": [
              {
                "application_id": "",
                "certificate_permissions": [],
                "key_permissions": [],
                "object_id": "e56960a8-4551-465b-8995-ad661c055c98",
                "secret_permissions": [
                  "Get",
                  "List",
                  "Set",
                  "Delete"
                ],
                "storage_permissions": [],
                "tenant_id": "1238ccb4-e0c0-4c1d-835c-93cf5a1cb5db"
              }
            ],
            "contact": [],
            "enable_rbac_authorization": false,
            "enabled_for_deployment": false,
            "enabled_for_disk_encryption": true,
            "enabled_for_template_deployment": false,
            "id": "/subscriptions/5e3fa8cf-316c-4803-87a3-5ab5a18f5aad/resourceGroups/q2-rg/providers/Microsoft.KeyVault/vaults/q2-kv",
            "location": "northeurope",
            "name": "q2-kv",
            "network_acls": [
              {
                "bypass": "AzureServices",
                "default_action": "Allow",
                "ip_rules": [],
                "virtual_network_subnet_ids": []
              }
            ],
            "purge_protection_enabled": false,
            "resource_group_name": "q2-rg",
            "sku_name": "standard",
            "soft_delete_enabled": true,
            "soft_delete_retention_days": 90,
            "tags": {},
            "tenant_id": "1238ccb4-e0c0-4c1d-835c-93cf5a1cb5db",
            "timeouts": null,
            "vault_uri": "https://q2-kv.vault.azure.net/"
          },
          "sensitive_attributes": [],
          "private": "eyJlMmJmYjczMC1lY2FhLTExZTYtOGY4OC0zNDM2M2JjN2M0YzAiOnsiY3JlYXRlIjoxODAwMDAwMDAwMDAwLCJkZWxldGUiOjE4MDAwMDAwMDAwMDAsInJlYWQiOjMwMDAwMDAwMDAwMCwidXBkYXRlIjoxODAwMDAwMDAwMDAwfSwic2NoZW1hX3ZlcnNpb24iOiIyIn0=",
          "dependencies": [
            "azurerm_resource_group.resource_group",
            "data.azurerm_client_config.current"
          ]
        }
      ]
    },
    {
      "mode": "managed",
      "type": "azurerm_key_vault_secret",
      "name": "admin_pass_vault_secret",
      "provider": "provider[\"registry.terraform.io/hashicorp/azurerm\"]",
      "instances": [
        {
          "schema_version": 0,
          "attributes": {
            "content_type": "",
            "expiration_date": null,
            "id": "https://q2-kv.vault.azure.net/secrets/vm-admin-passwd/e725400f97e84cfb98a2b50dda8b3efa",
            "key_vault_id": "/subscriptions/5e3fa8cf-316c-4803-87a3-5ab5a18f5aad/resourceGroups/q2-rg/providers/Microsoft.KeyVault/vaults/q2-kv",
            "name": "vm-admin-passwd",
            "not_before_date": null,
            "tags": null,
            "timeouts": null,
            "value": "%9VvY0v\u003cnQwu",
            "version": "e725400f97e84cfb98a2b50dda8b3efa",
            "versionless_id": "https://q2-kv.vault.azure.net/secrets/vm-admin-passwd"
          },
          "sensitive_attributes": [],
          "private": "eyJlMmJmYjczMC1lY2FhLTExZTYtOGY4OC0zNDM2M2JjN2M0YzAiOnsiY3JlYXRlIjoxODAwMDAwMDAwMDAwLCJkZWxldGUiOjE4MDAwMDAwMDAwMDAsInJlYWQiOjMwMDAwMDAwMDAwMCwidXBkYXRlIjoxODAwMDAwMDAwMDAwfX0=",
          "dependencies": [
            "azurerm_key_vault.kv",
            "azurerm_resource_group.resource_group",
            "data.azurerm_client_config.current",
            "random_string.vm-admin-pass"
          ]
        }
      ]
    },
    {
      "mode": "managed",
      "type": "azurerm_network_interface",
      "name": "net_interface_one",
      "provider": "provider[\"registry.terraform.io/hashicorp/azurerm\"]",
      "instances": [
        {
          "schema_version": 0,
          "attributes": {
            "applied_dns_servers": [],
            "dns_servers": [],
            "enable_accelerated_networking": false,
            "enable_ip_forwarding": false,
            "id": "/subscriptions/5e3fa8cf-316c-4803-87a3-5ab5a18f5aad/resourceGroups/q2-rg/providers/Microsoft.Network/networkInterfaces/q2-net-one",
            "internal_dns_name_label": "",
            "internal_domain_name_suffix": "4wlzummjeo1uppqzxdxbru41lf.fx.internal.cloudapp.net",
            "ip_configuration": [
              {
                "name": "internal",
                "primary": true,
                "private_ip_address": "10.0.1.4",
                "private_ip_address_allocation": "Dynamic",
                "private_ip_address_version": "IPv4",
                "public_ip_address_id": "",
                "subnet_id": "/subscriptions/5e3fa8cf-316c-4803-87a3-5ab5a18f5aad/resourceGroups/q2-rg/providers/Microsoft.Network/virtualNetworks/q1-vnet/subnets/subnet_one"
              }
            ],
            "location": "northeurope",
            "mac_address": "00-0D-3A-DC-C8-71",
            "name": "q2-net-one",
            "private_ip_address": "10.0.1.4",
            "private_ip_addresses": [
              "10.0.1.4"
            ],
            "resource_group_name": "q2-rg",
            "tags": {},
            "timeouts": null,
            "virtual_machine_id": "/subscriptions/5e3fa8cf-316c-4803-87a3-5ab5a18f5aad/resourceGroups/q2-rg/providers/Microsoft.Compute/virtualMachines/q2-vm-one"
          },
          "sensitive_attributes": [],
          "private": "eyJlMmJmYjczMC1lY2FhLTExZTYtOGY4OC0zNDM2M2JjN2M0YzAiOnsiY3JlYXRlIjoxODAwMDAwMDAwMDAwLCJkZWxldGUiOjE4MDAwMDAwMDAwMDAsInJlYWQiOjMwMDAwMDAwMDAwMCwidXBkYXRlIjoxODAwMDAwMDAwMDAwfX0=",
          "dependencies": [
            "azurerm_resource_group.resource_group",
            "azurerm_virtual_network.virtual_network"
          ]
        }
      ]
    },
    {
      "mode": "managed",
      "type": "azurerm_network_interface",
      "name": "net_interface_two",
      "provider": "provider[\"registry.terraform.io/hashicorp/azurerm\"]",
      "instances": [
        {
          "schema_version": 0,
          "attributes": {
            "applied_dns_servers": [],
            "dns_servers": [],
            "enable_accelerated_networking": false,
            "enable_ip_forwarding": false,
            "id": "/subscriptions/5e3fa8cf-316c-4803-87a3-5ab5a18f5aad/resourceGroups/q2-rg/providers/Microsoft.Network/networkInterfaces/q2-net-two",
            "internal_dns_name_label": "",
            "internal_domain_name_suffix": "4wlzummjeo1uppqzxdxbru41lf.fx.internal.cloudapp.net",
            "ip_configuration": [
              {
                "name": "internal",
                "primary": true,
                "private_ip_address": "10.0.2.4",
                "private_ip_address_allocation": "Dynamic",
                "private_ip_address_version": "IPv4",
                "public_ip_address_id": "",
                "subnet_id": "/subscriptions/5e3fa8cf-316c-4803-87a3-5ab5a18f5aad/resourceGroups/q2-rg/providers/Microsoft.Network/virtualNetworks/q1-vnet/subnets/subnet_two"
              }
            ],
            "location": "northeurope",
            "mac_address": "00-0D-3A-DC-C9-66",
            "name": "q2-net-two",
            "private_ip_address": "10.0.2.4",
            "private_ip_addresses": [
              "10.0.2.4"
            ],
            "resource_group_name": "q2-rg",
            "tags": {},
            "timeouts": null,
            "virtual_machine_id": "/subscriptions/5e3fa8cf-316c-4803-87a3-5ab5a18f5aad/resourceGroups/q2-rg/providers/Microsoft.Compute/virtualMachines/q2-vm-two"
          },
          "sensitive_attributes": [],
          "private": "eyJlMmJmYjczMC1lY2FhLTExZTYtOGY4OC0zNDM2M2JjN2M0YzAiOnsiY3JlYXRlIjoxODAwMDAwMDAwMDAwLCJkZWxldGUiOjE4MDAwMDAwMDAwMDAsInJlYWQiOjMwMDAwMDAwMDAwMCwidXBkYXRlIjoxODAwMDAwMDAwMDAwfX0=",
          "dependencies": [
            "azurerm_resource_group.resource_group",
            "azurerm_virtual_network.virtual_network"
          ]
        }
      ]
    },
    {
      "mode": "managed",
      "type": "azurerm_network_security_group",
      "name": "nsg",
      "provider": "provider[\"registry.terraform.io/hashicorp/azurerm\"]",
      "instances": [
        {
          "schema_version": 0,
          "attributes": {
            "id": "/subscriptions/5e3fa8cf-316c-4803-87a3-5ab5a18f5aad/resourceGroups/q2-rg/providers/Microsoft.Network/networkSecurityGroups/q2-nsg",
            "location": "northeurope",
            "name": "q2-nsg",
            "resource_group_name": "q2-rg",
            "security_rule": [
              {
                "access": "Allow",
                "description": "",
                "destination_address_prefix": "VirtualNetwork",
                "destination_address_prefixes": [],
                "destination_application_security_group_ids": [],
                "destination_port_range": "443",
                "destination_port_ranges": [],
                "direction": "Inbound",
                "name": "port80",
                "priority": 101,
                "protocol": "Tcp",
                "source_address_prefix": "*",
                "source_address_prefixes": [],
                "source_application_security_group_ids": [],
                "source_port_range": "*",
                "source_port_ranges": []
              }
            ],
            "tags": {},
            "timeouts": null
          },
          "sensitive_attributes": [],
          "private": "eyJlMmJmYjczMC1lY2FhLTExZTYtOGY4OC0zNDM2M2JjN2M0YzAiOnsiY3JlYXRlIjoxODAwMDAwMDAwMDAwLCJkZWxldGUiOjE4MDAwMDAwMDAwMDAsInJlYWQiOjMwMDAwMDAwMDAwMCwidXBkYXRlIjoxODAwMDAwMDAwMDAwfX0=",
          "dependencies": [
            "azurerm_resource_group.resource_group"
          ]
        }
      ]
    },
    {
      "mode": "managed",
      "type": "azurerm_network_security_rule",
      "name": "rule_one",
      "provider": "provider[\"registry.terraform.io/hashicorp/azurerm\"]",
      "instances": [
        {
          "schema_version": 0,
          "attributes": {
            "access": "Allow",
            "description": "",
            "destination_address_prefix": "VirtualNetwork",
            "destination_address_prefixes": [],
            "destination_application_security_group_ids": [],
            "destination_port_range": "80",
            "destination_port_ranges": [],
            "direction": "Inbound",
            "id": "/subscriptions/5e3fa8cf-316c-4803-87a3-5ab5a18f5aad/resourceGroups/q2-rg/providers/Microsoft.Network/networkSecurityGroups/q2-nsg/securityRules/port80",
            "name": "port80",
            "network_security_group_name": "q2-nsg",
            "priority": 100,
            "protocol": "Tcp",
            "resource_group_name": "q2-rg",
            "source_address_prefix": "*",
            "source_address_prefixes": [],
            "source_application_security_group_ids": [],
            "source_port_range": "*",
            "source_port_ranges": [],
            "timeouts": null
          },
          "sensitive_attributes": [],
          "private": "eyJlMmJmYjczMC1lY2FhLTExZTYtOGY4OC0zNDM2M2JjN2M0YzAiOnsiY3JlYXRlIjoxODAwMDAwMDAwMDAwLCJkZWxldGUiOjE4MDAwMDAwMDAwMDAsInJlYWQiOjMwMDAwMDAwMDAwMCwidXBkYXRlIjoxODAwMDAwMDAwMDAwfX0=",
          "dependencies": [
            "azurerm_network_security_group.nsg",
            "azurerm_resource_group.resource_group"
          ]
        }
      ]
    },
    {
      "mode": "managed",
      "type": "azurerm_network_security_rule",
      "name": "rule_two",
      "provider": "provider[\"registry.terraform.io/hashicorp/azurerm\"]",
      "instances": [
        {
          "schema_version": 0,
          "attributes": {
            "access": "Allow",
            "description": "",
            "destination_address_prefix": "VirtualNetwork",
            "destination_address_prefixes": [],
            "destination_application_security_group_ids": [],
            "destination_port_range": "443",
            "destination_port_ranges": [],
            "direction": "Inbound",
            "id": "/subscriptions/5e3fa8cf-316c-4803-87a3-5ab5a18f5aad/resourceGroups/q2-rg/providers/Microsoft.Network/networkSecurityGroups/q2-nsg/securityRules/port80",
            "name": "port80",
            "network_security_group_name": "q2-nsg",
            "priority": 101,
            "protocol": "Tcp",
            "resource_group_name": "q2-rg",
            "source_address_prefix": "*",
            "source_address_prefixes": [],
            "source_application_security_group_ids": [],
            "source_port_range": "*",
            "source_port_ranges": [],
            "timeouts": null
          },
          "sensitive_attributes": [],
          "private": "eyJlMmJmYjczMC1lY2FhLTExZTYtOGY4OC0zNDM2M2JjN2M0YzAiOnsiY3JlYXRlIjoxODAwMDAwMDAwMDAwLCJkZWxldGUiOjE4MDAwMDAwMDAwMDAsInJlYWQiOjMwMDAwMDAwMDAwMCwidXBkYXRlIjoxODAwMDAwMDAwMDAwfX0=",
          "dependencies": [
            "azurerm_network_security_group.nsg",
            "azurerm_resource_group.resource_group"
          ]
        }
      ]
    },
    {
      "mode": "managed",
      "type": "azurerm_resource_group",
      "name": "resource_group",
      "provider": "provider[\"registry.terraform.io/hashicorp/azurerm\"]",
      "instances": [
        {
          "schema_version": 0,
          "attributes": {
            "id": "/subscriptions/5e3fa8cf-316c-4803-87a3-5ab5a18f5aad/resourceGroups/q2-rg",
            "location": "northeurope",
            "name": "q2-rg",
            "tags": {
              "environment": "q2"
            },
            "timeouts": null
          },
          "sensitive_attributes": [],
          "private": "eyJlMmJmYjczMC1lY2FhLTExZTYtOGY4OC0zNDM2M2JjN2M0YzAiOnsiY3JlYXRlIjo1NDAwMDAwMDAwMDAwLCJkZWxldGUiOjU0MDAwMDAwMDAwMDAsInJlYWQiOjMwMDAwMDAwMDAwMCwidXBkYXRlIjo1NDAwMDAwMDAwMDAwfX0="
        }
      ]
    },
    {
      "mode": "managed",
      "type": "azurerm_storage_account",
      "name": "storage_account",
      "provider": "provider[\"registry.terraform.io/hashicorp/azurerm\"]",
      "instances": [
        {
          "schema_version": 2,
          "attributes": {
            "access_tier": "Hot",
            "account_kind": "StorageV2",
            "account_replication_type": "LRS",
            "account_tier": "Standard",
            "allow_blob_public_access": false,
            "azure_files_authentication": [],
            "blob_properties": [
              {
                "change_feed_enabled": false,
                "container_delete_retention_policy": [],
                "cors_rule": [],
                "default_service_version": "",
                "delete_retention_policy": [],
                "last_access_time_enabled": false,
                "versioning_enabled": false
              }
            ],
            "custom_domain": [],
            "enable_https_traffic_only": true,
            "id": "/subscriptions/5e3fa8cf-316c-4803-87a3-5ab5a18f5aad/resourceGroups/q2-rg/providers/Microsoft.Storage/storageAccounts/q2storageaccount",
            "identity": [],
            "is_hns_enabled": false,
            "large_file_share_enabled": null,
            "location": "northeurope",
            "min_tls_version": "TLS1_0",
            "name": "q2storageaccount",
            "network_rules": [
              {
                "bypass": [
                  "AzureServices"
                ],
                "default_action": "Allow",
                "ip_rules": [],
                "private_link_access": [],
                "virtual_network_subnet_ids": []
              }
            ],
            "nfsv3_enabled": false,
            "primary_access_key": "0osfHACDXeQdXWdZ/ZIEVPOhaHXWKxDI8daAcUY4O3U1mxhLH56CfWB7/j8zFWMBBZ9HQdKAywFP0ITHTNPChw==",
            "primary_blob_connection_string": "DefaultEndpointsProtocol=https;BlobEndpoint=https://q2storageaccount.blob.core.windows.net/;AccountName=q2storageaccount;AccountKey=0osfHACDXeQdXWdZ/ZIEVPOhaHXWKxDI8daAcUY4O3U1mxhLH56CfWB7/j8zFWMBBZ9HQdKAywFP0ITHTNPChw==",
            "primary_blob_endpoint": "https://q2storageaccount.blob.core.windows.net/",
            "primary_blob_host": "q2storageaccount.blob.core.windows.net",
            "primary_connection_string": "DefaultEndpointsProtocol=https;AccountName=q2storageaccount;AccountKey=0osfHACDXeQdXWdZ/ZIEVPOhaHXWKxDI8daAcUY4O3U1mxhLH56CfWB7/j8zFWMBBZ9HQdKAywFP0ITHTNPChw==;EndpointSuffix=core.windows.net",
            "primary_dfs_endpoint": "https://q2storageaccount.dfs.core.windows.net/",
            "primary_dfs_host": "q2storageaccount.dfs.core.windows.net",
            "primary_file_endpoint": "https://q2storageaccount.file.core.windows.net/",
            "primary_file_host": "q2storageaccount.file.core.windows.net",
            "primary_location": "northeurope",
            "primary_queue_endpoint": "https://q2storageaccount.queue.core.windows.net/",
            "primary_queue_host": "q2storageaccount.queue.core.windows.net",
            "primary_table_endpoint": "https://q2storageaccount.table.core.windows.net/",
            "primary_table_host": "q2storageaccount.table.core.windows.net",
            "primary_web_endpoint": "https://q2storageaccount.z16.web.core.windows.net/",
            "primary_web_host": "q2storageaccount.z16.web.core.windows.net",
            "queue_properties": [
              {
                "cors_rule": [],
                "hour_metrics": [
                  {
                    "enabled": true,
                    "include_apis": true,
                    "retention_policy_days": 7,
                    "version": "1.0"
                  }
                ],
                "logging": [
                  {
                    "delete": false,
                    "read": false,
                    "retention_policy_days": 0,
                    "version": "1.0",
                    "write": false
                  }
                ],
                "minute_metrics": [
                  {
                    "enabled": false,
                    "include_apis": false,
                    "retention_policy_days": 0,
                    "version": "1.0"
                  }
                ]
              }
            ],
            "resource_group_name": "q2-rg",
            "routing": [],
            "secondary_access_key": "Q6ubqxEMOnt1ft2ip8QiXS+NF0gGyab98MGP6IyC77ZqTxHScHTl84X7eYSe+iC7K79i/YcDRlldkO/YNKWs9A==",
            "secondary_blob_connection_string": "",
            "secondary_blob_endpoint": null,
            "secondary_blob_host": null,
            "secondary_connection_string": "DefaultEndpointsProtocol=https;AccountName=q2storageaccount;AccountKey=Q6ubqxEMOnt1ft2ip8QiXS+NF0gGyab98MGP6IyC77ZqTxHScHTl84X7eYSe+iC7K79i/YcDRlldkO/YNKWs9A==;EndpointSuffix=core.windows.net",
            "secondary_dfs_endpoint": null,
            "secondary_dfs_host": null,
            "secondary_file_endpoint": null,
            "secondary_file_host": null,
            "secondary_location": "",
            "secondary_queue_endpoint": null,
            "secondary_queue_host": null,
            "secondary_table_endpoint": null,
            "secondary_table_host": null,
            "secondary_web_endpoint": null,
            "secondary_web_host": null,
            "share_properties": [
              {
                "cors_rule": [],
                "retention_policy": [
                  {
                    "days": 7
                  }
                ],
                "smb": []
              }
            ],
            "static_website": [],
            "tags": {
              "environment": "q2"
            },
            "timeouts": null
          },
          "sensitive_attributes": [],
          "private": "eyJlMmJmYjczMC1lY2FhLTExZTYtOGY4OC0zNDM2M2JjN2M0YzAiOnsiY3JlYXRlIjozNjAwMDAwMDAwMDAwLCJkZWxldGUiOjM2MDAwMDAwMDAwMDAsInJlYWQiOjMwMDAwMDAwMDAwMCwidXBkYXRlIjozNjAwMDAwMDAwMDAwfSwic2NoZW1hX3ZlcnNpb24iOiIyIn0=",
          "dependencies": [
            "azurerm_resource_group.resource_group"
          ]
        }
      ]
    },
    {
      "mode": "managed",
      "type": "azurerm_storage_container",
      "name": "vm_disks",
      "provider": "provider[\"registry.terraform.io/hashicorp/azurerm\"]",
      "instances": [
        {
          "schema_version": 1,
          "attributes": {
            "container_access_type": "private",
            "has_immutability_policy": false,
            "has_legal_hold": false,
            "id": "https://q2storageaccount.blob.core.windows.net/vmdisks",
            "metadata": {},
            "name": "vmdisks",
            "resource_manager_id": "/subscriptions/5e3fa8cf-316c-4803-87a3-5ab5a18f5aad/resourceGroups/q2-rg/providers/Microsoft.Storage/storageAccounts/q2storageaccount/blobServices/default/containers/vmdisks",
            "storage_account_name": "q2storageaccount",
            "timeouts": null
          },
          "sensitive_attributes": [],
          "private": "eyJlMmJmYjczMC1lY2FhLTExZTYtOGY4OC0zNDM2M2JjN2M0YzAiOnsiY3JlYXRlIjoxODAwMDAwMDAwMDAwLCJkZWxldGUiOjE4MDAwMDAwMDAwMDAsInJlYWQiOjMwMDAwMDAwMDAwMCwidXBkYXRlIjoxODAwMDAwMDAwMDAwfSwic2NoZW1hX3ZlcnNpb24iOiIxIn0=",
          "dependencies": [
            "azurerm_resource_group.resource_group",
            "azurerm_storage_account.storage_account"
          ]
        }
      ]
    },
    {
      "mode": "managed",
      "type": "azurerm_virtual_machine",
      "name": "vm_one",
      "provider": "provider[\"registry.terraform.io/hashicorp/azurerm\"]",
      "instances": [
        {
          "schema_version": 0,
          "attributes": {
            "additional_capabilities": [],
            "availability_set_id": null,
            "boot_diagnostics": [],
            "delete_data_disks_on_termination": false,
            "delete_os_disk_on_termination": false,
            "id": "/subscriptions/5e3fa8cf-316c-4803-87a3-5ab5a18f5aad/resourceGroups/q2-rg/providers/Microsoft.Compute/virtualMachines/q2-vm-one",
            "identity": [],
            "license_type": null,
            "location": "northeurope",
            "name": "q2-vm-one",
            "network_interface_ids": [
              "/subscriptions/5e3fa8cf-316c-4803-87a3-5ab5a18f5aad/resourceGroups/q2-rg/providers/Microsoft.Network/networkInterfaces/q2-net-one"
            ],
            "os_profile": [
              {
                "admin_password": "",
                "admin_username": "q2-vm-one",
                "computer_name": "q2-vm-one",
                "custom_data": ""
              }
            ],
            "os_profile_linux_config": [],
            "os_profile_secrets": [],
            "os_profile_windows_config": [
              {
                "additional_unattend_config": [],
                "enable_automatic_upgrades": false,
                "provision_vm_agent": false,
                "timezone": "",
                "winrm": []
              }
            ],
            "plan": [],
            "primary_network_interface_id": null,
            "proximity_placement_group_id": null,
            "resource_group_name": "q2-rg",
            "storage_data_disk": [
              {
                "caching": "None",
                "create_option": "Empty",
                "disk_size_gb": 255,
                "lun": 0,
                "managed_disk_id": "",
                "managed_disk_type": "",
                "name": "data",
                "vhd_uri": "https://q2storageaccount.blob.core.windows.net/vmdisks/data-vm-one.vhd",
                "write_accelerator_enabled": false
              }
            ],
            "storage_image_reference": [
              {
                "id": "",
                "offer": "WindowsServer",
                "publisher": "MicrosoftWindowsServer",
                "sku": "2019-Datacenter",
                "version": "latest"
              }
            ],
            "storage_os_disk": [
              {
                "caching": "ReadWrite",
                "create_option": "FromImage",
                "disk_size_gb": 127,
                "image_uri": "",
                "managed_disk_id": "",
                "managed_disk_type": "",
                "name": "os",
                "os_type": "Windows",
                "vhd_uri": "https://q2storageaccount.blob.core.windows.net/vmdisks/os-vm-one.vhd",
                "write_accelerator_enabled": false
              }
            ],
            "tags": {},
            "timeouts": null,
            "vm_size": "Standard_B2ms",
            "zones": []
          },
          "sensitive_attributes": [],
          "private": "eyJlMmJmYjczMC1lY2FhLTExZTYtOGY4OC0zNDM2M2JjN2M0YzAiOnsiY3JlYXRlIjozNjAwMDAwMDAwMDAwLCJkZWxldGUiOjM2MDAwMDAwMDAwMDAsInJlYWQiOjMwMDAwMDAwMDAwMCwidXBkYXRlIjozNjAwMDAwMDAwMDAwfX0=",
          "dependencies": [
            "azurerm_network_interface.net_interface_one",
            "azurerm_resource_group.resource_group",
            "azurerm_storage_account.storage_account",
            "azurerm_storage_container.vm_disks",
            "azurerm_virtual_network.virtual_network",
            "random_string.vm-admin-pass"
          ]
        }
      ]
    },
    {
      "mode": "managed",
      "type": "azurerm_virtual_machine",
      "name": "vm_two",
      "provider": "provider[\"registry.terraform.io/hashicorp/azurerm\"]",
      "instances": [
        {
          "schema_version": 0,
          "attributes": {
            "additional_capabilities": [],
            "availability_set_id": null,
            "boot_diagnostics": [],
            "delete_data_disks_on_termination": false,
            "delete_os_disk_on_termination": false,
            "id": "/subscriptions/5e3fa8cf-316c-4803-87a3-5ab5a18f5aad/resourceGroups/q2-rg/providers/Microsoft.Compute/virtualMachines/q2-vm-two",
            "identity": [],
            "license_type": null,
            "location": "northeurope",
            "name": "q2-vm-two",
            "network_interface_ids": [
              "/subscriptions/5e3fa8cf-316c-4803-87a3-5ab5a18f5aad/resourceGroups/q2-rg/providers/Microsoft.Network/networkInterfaces/q2-net-two"
            ],
            "os_profile": [
              {
                "admin_password": "",
                "admin_username": "q2-vm-two",
                "computer_name": "q2-vm-two",
                "custom_data": ""
              }
            ],
            "os_profile_linux_config": [],
            "os_profile_secrets": [],
            "os_profile_windows_config": [
              {
                "additional_unattend_config": [],
                "enable_automatic_upgrades": false,
                "provision_vm_agent": false,
                "timezone": "",
                "winrm": []
              }
            ],
            "plan": [],
            "primary_network_interface_id": null,
            "proximity_placement_group_id": null,
            "resource_group_name": "q2-rg",
            "storage_data_disk": [
              {
                "caching": "None",
                "create_option": "Empty",
                "disk_size_gb": 255,
                "lun": 0,
                "managed_disk_id": "",
                "managed_disk_type": "",
                "name": "data",
                "vhd_uri": "https://q2storageaccount.blob.core.windows.net/vmdisks/data-vm-two.vhd",
                "write_accelerator_enabled": false
              }
            ],
            "storage_image_reference": [
              {
                "id": "",
                "offer": "WindowsServer",
                "publisher": "MicrosoftWindowsServer",
                "sku": "2019-Datacenter",
                "version": "latest"
              }
            ],
            "storage_os_disk": [
              {
                "caching": "ReadWrite",
                "create_option": "FromImage",
                "disk_size_gb": 127,
                "image_uri": "",
                "managed_disk_id": "",
                "managed_disk_type": "",
                "name": "os",
                "os_type": "Windows",
                "vhd_uri": "https://q2storageaccount.blob.core.windows.net/vmdisks/os-vm-two.vhd",
                "write_accelerator_enabled": false
              }
            ],
            "tags": {},
            "timeouts": null,
            "vm_size": "Standard_B2ms",
            "zones": []
          },
          "sensitive_attributes": [],
          "private": "eyJlMmJmYjczMC1lY2FhLTExZTYtOGY4OC0zNDM2M2JjN2M0YzAiOnsiY3JlYXRlIjozNjAwMDAwMDAwMDAwLCJkZWxldGUiOjM2MDAwMDAwMDAwMDAsInJlYWQiOjMwMDAwMDAwMDAwMCwidXBkYXRlIjozNjAwMDAwMDAwMDAwfX0=",
          "dependencies": [
            "azurerm_storage_account.storage_account",
            "azurerm_storage_container.vm_disks",
            "azurerm_virtual_network.virtual_network",
            "random_string.vm-admin-pass",
            "azurerm_network_interface.net_interface_two",
            "azurerm_resource_group.resource_group"
          ]
        }
      ]
    },
    {
      "mode": "managed",
      "type": "azurerm_virtual_network",
      "name": "virtual_network",
      "provider": "provider[\"registry.terraform.io/hashicorp/azurerm\"]",
      "instances": [
        {
          "schema_version": 0,
          "attributes": {
            "address_space": [
              "10.0.0.0/16"
            ],
            "bgp_community": "",
            "ddos_protection_plan": [],
            "dns_servers": [
              "10.0.0.4"
            ],
            "guid": "319a97f5-2389-47b7-be19-b8ee18d3db5d",
            "id": "/subscriptions/5e3fa8cf-316c-4803-87a3-5ab5a18f5aad/resourceGroups/q2-rg/providers/Microsoft.Network/virtualNetworks/q1-vnet",
            "location": "northeurope",
            "name": "q1-vnet",
            "resource_group_name": "q2-rg",
            "subnet": [
              {
                "address_prefix": "10.0.1.0/24",
                "id": "/subscriptions/5e3fa8cf-316c-4803-87a3-5ab5a18f5aad/resourceGroups/q2-rg/providers/Microsoft.Network/virtualNetworks/q1-vnet/subnets/subnet_one",
                "name": "subnet_one",
                "security_group": ""
              },
              {
                "address_prefix": "10.0.2.0/24",
                "id": "/subscriptions/5e3fa8cf-316c-4803-87a3-5ab5a18f5aad/resourceGroups/q2-rg/providers/Microsoft.Network/virtualNetworks/q1-vnet/subnets/subnet_two",
                "name": "subnet_two",
                "security_group": ""
              }
            ],
            "tags": {
              "environment": "q2"
            },
            "timeouts": null,
            "vm_protection_enabled": false
          },
          "sensitive_attributes": [],
          "private": "eyJlMmJmYjczMC1lY2FhLTExZTYtOGY4OC0zNDM2M2JjN2M0YzAiOnsiY3JlYXRlIjoxODAwMDAwMDAwMDAwLCJkZWxldGUiOjE4MDAwMDAwMDAwMDAsInJlYWQiOjMwMDAwMDAwMDAwMCwidXBkYXRlIjoxODAwMDAwMDAwMDAwfX0=",
          "dependencies": [
            "azurerm_resource_group.resource_group"
          ]
        }
      ]
    },
    {
      "mode": "managed",
      "type": "random_string",
      "name": "vm-admin-pass",
      "provider": "provider[\"registry.terraform.io/hashicorp/random\"]",
      "instances": [
        {
          "schema_version": 1,
          "attributes": {
            "id": "%9VvY0v\u003cnQwu",
            "keepers": null,
            "length": 12,
            "lower": true,
            "min_lower": 0,
            "min_numeric": 0,
            "min_special": 0,
            "min_upper": 0,
            "number": true,
            "override_special": null,
            "result": "%9VvY0v\u003cnQwu",
            "special": true,
            "upper": true
          },
          "sensitive_attributes": [],
          "private": "eyJzY2hlbWFfdmVyc2lvbiI6IjEifQ=="
        }
      ]
    }
  ]
}
