
Microsoft Visual Studio Solution File, Format Version 12.00
# Visual Studio Version 16
VisualStudioVersion = 16.0.31424.327
MinimumVisualStudioVersion = 10.0.40219.1
Project("{FAE04EC0-301F-11D3-BF4B-00C04F79EFBC}") = "DevOpsTest", "DevOpsTest\DevOpsTest.csproj", "{F6A8549A-3CFC-4DBE-8E84-4EAE2BD979EE}"
EndProject
Project("{FAE04EC0-301F-11D3-BF4B-00C04F79EFBC}") = "DevOpsTest.Tests", "DevOpsTest.Tests\DevOpsTest.Tests.csproj", "{08238304-F66F-4669-AE8F-B2CFAE5F36DA}"
EndProject
Global
	GlobalSection(SolutionConfigurationPlatforms) = preSolution
		Debug|Any CPU = Debug|Any CPU
		Release|Any CPU = Release|Any CPU
	EndGlobalSection
	GlobalSection(ProjectConfigurationPlatforms) = postSolution
		{F6A8549A-3CFC-4DBE-8E84-4EAE2BD979EE}.Debug|Any CPU.ActiveCfg = Debug|Any CPU
		{F6A8549A-3CFC-4DBE-8E84-4EAE2BD979EE}.Debug|Any CPU.Build.0 = Debug|Any CPU
		{F6A8549A-3CFC-4DBE-8E84-4EAE2BD979EE}.Release|Any CPU.ActiveCfg = Release|Any CPU
		{F6A8549A-3CFC-4DBE-8E84-4EAE2BD979EE}.Release|Any CPU.Build.0 = Release|Any CPU
		{08238304-F66F-4669-AE8F-B2CFAE5F36DA}.Debug|Any CPU.ActiveCfg = Debug|Any CPU
		{08238304-F66F-4669-AE8F-B2CFAE5F36DA}.Debug|Any CPU.Build.0 = Debug|Any CPU
		{08238304-F66F-4669-AE8F-B2CFAE5F36DA}.Release|Any CPU.ActiveCfg = Release|Any CPU
		{08238304-F66F-4669-AE8F-B2CFAE5F36DA}.Release|Any CPU.Build.0 = Release|Any CPU
	EndGlobalSection
	GlobalSection(SolutionProperties) = preSolution
		HideSolutionNode = FALSE
	EndGlobalSection
	GlobalSection(ExtensibilityGlobals) = postSolution
		SolutionGuid = {39F1F019-9DA1-4142-A29E-30EC0A61C880}
	EndGlobalSection
EndGlobal
